# THIS IS AN AUTOGENERATED FILE. DO NOT EDIT THIS FILE DIRECTLY.
# yarn lockfile v1


mobx@^6.5.0:
  version "6.5.0"
  resolved "https://registry.yarnpkg.com/mobx/-/mobx-6.5.0.tgz#dc2d028b1882737f6e813fc92454381e438b7ad3"
  integrity sha512-pHZ/cySF00FVENDWIDzJyoObFahK6Eg4d0papqm6d7yMkxWTZ/S/csqJX1A3PsYy4t5k3z2QnlwuCfMW5lSEwA==

typescript@^4.6.3:
  version "4.6.3"
  resolved "https://registry.yarnpkg.com/typescript/-/typescript-4.6.3.tgz#eefeafa6afdd31d725584c67a0eaba80f6fc6c6c"
  integrity sha512-yNIatDa5iaofVozS/uQJEl3JRWLKKGJKh6Yaiv0GLGSuhpFJe7P3SbHZ8/yjAHRQwKRoA6YZqlfjXWmVzoVSMw==
